// !$*UTF8*$!
{
	archiveVersion = 1;
	classes = {
	};
	objectVersion = 77;
	objects = {

/* Begin PBXBuildFile section */
		0C91A54E2DCF7B5800C3EF2A /* FirebaseAnalytics in Frameworks */ = {isa = PBXBuildFile; productRef = 0C91A54D2DCF7B5800C3EF2A /* FirebaseAnalytics */; };
		0C91A5502DCF7B5800C3EF2A /* FirebaseAuth in Frameworks */ = {isa = PBXBuildFile; productRef = 0C91A54F2DCF7B5800C3EF2A /* FirebaseAuth */; };
		0C91A5522DCF7B5800C3EF2A /* FirebaseFirestore in Frameworks */ = {isa = PBXBuildFile; productRef = 0C91A5512DCF7B5800C3EF2A /* FirebaseFirestore */; };
		0C91A5542DCF7B5800C3EF2A /* FirebaseFunctions in Frameworks */ = {isa = PBXBuildFile; productRef = 0C91A5532DCF7B5800C3EF2A /* FirebaseFunctions */; };
		0C91A5562DCF7B5800C3EF2A /* FirebaseStorage in Frameworks */ = {isa = PBXBuildFile; productRef = 0C91A5552DCF7B5800C3EF2A /* FirebaseStorage */; };
/* End PBXBuildFile section */

/* Begin PBXContainerItemProxy section */
		0CE04CD12DCF6EB900F9E972 /* PBXContainerItemProxy */ = {
			isa = PBXContainerItemProxy;
			containerPortal = 0CE04CBB2DCF6EB600F9E972 /* Project object */;
			proxyType = 1;
			remoteGlobalIDString = 0CE04CC22DCF6EB600F9E972;
			remoteInfo = "Your-Garden-Eden-IOS";
		};
		0CE04CDB2DCF6EB900F9E972 /* PBXContainerItemProxy */ = {
			isa = PBXContainerItemProxy;
			containerPortal = 0CE04CBB2DCF6EB600F9E972 /* Project object */;
			proxyType = 1;
			remoteGlobalIDString = 0CE04CC22DCF6EB600F9E972;
			remoteInfo = "Your-Garden-Eden-IOS";
		};
/* End PBXContainerItemProxy section */

/* Begin PBXFileReference section */
		0CE04CC32DCF6EB600F9E972 /* Your-Garden-Eden-IOS.app */ = {isa = PBXFileReference; explicitFileType = wrapper.application; includeInIndex = 0; path = "Your-Garden-Eden-IOS.app"; sourceTree = BUILT_PRODUCTS_DIR; };
		0CE04CD02DCF6EB900F9E972 /* Your-Garden-Eden-IOSTests.xctest */ = {isa = PBXFileReference; explicitFileType = wrapper.cfbundle; includeInIndex = 0; path = "Your-Garden-Eden-IOSTests.xctest"; sourceTree = BUILT_PRODUCTS_DIR; };
		0CE04CDA2DCF6EB900F9E972 /* Your-Garden-Eden-IOSUITests.xctest */ = {isa = PBXFileReference; explicitFileType = wrapper.cfbundle; includeInIndex = 0; path = "Your-Garden-Eden-IOSUITests.xctest"; sourceTree = BUILT_PRODUCTS_DIR; };
/* End PBXFileReference section */

/* Begin PBXFileSystemSynchronizedBuildFileExceptionSet section */
		0C8F6E2F2DDDF36400BF6826 /* Exceptions for "Your-Garden-Eden-IOS" folder in "Your-Garden-Eden-IOS" target */ = {
			isa = PBXFileSystemSynchronizedBuildFileExceptionSet;
			membershipExceptions = (
				Models/WooCommerce/WooCommerceProduct.swift,
			);
			target = 0CE04CC22DCF6EB600F9E972 /* Your-Garden-Eden-IOS */;
		};
/* End PBXFileSystemSynchronizedBuildFileExceptionSet section */

/* Begin PBXFileSystemSynchronizedGroupBuildPhaseMembershipExceptionSet section */
		0C8F6E302DDDF36400BF6826 /* Exceptions for "Your-Garden-Eden-IOS" folder in "Copy Bundle Resources" phase from "Your-Garden-Eden-IOS" target */ = {
			isa = PBXFileSystemSynchronizedGroupBuildPhaseMembershipExceptionSet;
			buildPhase = 0CE04CC12DCF6EB600F9E972 /* Resources */;
			membershipExceptions = (
				Models/WooCommerce/WooCommerceProduct.swift,
			);
		};
/* End PBXFileSystemSynchronizedGroupBuildPhaseMembershipExceptionSet section */

/* Begin PBXFileSystemSynchronizedRootGroup section */
		0CE04CC52DCF6EB600F9E972 /* Your-Garden-Eden-IOS */ = {
			isa = PBXFileSystemSynchronizedRootGroup;
			exceptions = (
				0C8F6E2F2DDDF36400BF6826 /* Exceptions for "Your-Garden-Eden-IOS" folder in "Your-Garden-Eden-IOS" target */,
				0C8F6E302DDDF36400BF6826 /* Exceptions for "Your-Garden-Eden-IOS" folder in "Copy Bundle Resources" phase from "Your-Garden-Eden-IOS" target */,
			);
			path = "Your-Garden-Eden-IOS";
			sourceTree = "<group>";
		};
/* End PBXFileSystemSynchronizedRootGroup section */

/* Begin PBXFrameworksBuildPhase section */
		0CE04CC02DCF6EB600F9E972 /* Frameworks */ = {
			isa = PBXFrameworksBuildPhase;
			buildActionMask = 2147483647;
			files = (
				0C91A54E2DCF7B5800C3EF2A /* FirebaseAnalytics in Frameworks */,
				0C91A5502DCF7B5800C3EF2A /* FirebaseAuth in Frameworks */,
				0C91A5522DCF7B5800C3EF2A /* FirebaseFirestore in Frameworks */,
				0C91A5562DCF7B5800C3EF2A /* FirebaseStorage in Frameworks */,
				0C91A5542DCF7B5800C3EF2A /* FirebaseFunctions in Frameworks */,
			);
			runOnlyForDeploymentPostprocessing = 0;
		};
		0CE04CCD2DCF6EB900F9E972 /* Frameworks */ = {
			isa = PBXFrameworksBuildPhase;
			buildActionMask = 2147483647;
			files = (
			);
			runOnlyForDeploymentPostprocessing = 0;
		};
		0CE04CD72DCF6EB900F9E972 /* Frameworks */ = {
			isa = PBXFrameworksBuildPhase;
			buildActionMask = 2147483647;
			files = (
			);
			runOnlyForDeploymentPostprocessing = 0;
		};
/* End PBXFrameworksBuildPhase section */

/* Begin PBXGroup section */
		0CE04CBA2DCF6EB600F9E972 = {
			isa = PBXGroup;
			children = (
				0CE04CC52DCF6EB600F9E972 /* Your-Garden-Eden-IOS */,
				0CE04CC42DCF6EB600F9E972 /* Products */,
			);
			sourceTree = "<group>";
		};
		0CE04CC42DCF6EB600F9E972 /* Products */ = {
			isa = PBXGroup;
			children = (
				0CE04CC32DCF6EB600F9E972 /* Your-Garden-Eden-IOS.app */,
				0CE04CD02DCF6EB900F9E972 /* Your-Garden-Eden-IOSTests.xctest */,
				0CE04CDA2DCF6EB900F9E972 /* Your-Garden-Eden-IOSUITests.xctest */,
			);
			name = Products;
			sourceTree = "<group>";
		};
/* End PBXGroup section */

/* Begin PBXNativeTarget section */
		0CE04CC22DCF6EB600F9E972 /* Your-Garden-Eden-IOS */ = {
			isa = PBXNativeTarget;
			buildConfigurationList = 0CE04CE42DCF6EB900F9E972 /* Build configuration list for PBXNativeTarget "Your-Garden-Eden-IOS" */;
			buildPhases = (
				0CE04CBF2DCF6EB600F9E972 /* Sources */,
				0CE04CC02DCF6EB600F9E972 /* Frameworks */,
				0CE04CC12DCF6EB600F9E972 /* Resources */,
			);
			buildRules = (
			);
			dependencies = (
			);
			fileSystemSynchronizedGroups = (
				0CE04CC52DCF6EB600F9E972 /* Your-Garden-Eden-IOS */,
			);
			name = "Your-Garden-Eden-IOS";
			packageProductDependencies = (
				0C91A54D2DCF7B5800C3EF2A /* FirebaseAnalytics */,
				0C91A54F2DCF7B5800C3EF2A /* FirebaseAuth */,
				0C91A5512DCF7B5800C3EF2A /* FirebaseFirestore */,
				0C91A5532DCF7B5800C3EF2A /* FirebaseFunctions */,
				0C91A5552DCF7B5800C3EF2A /* FirebaseStorage */,
			);
			productName = "Your-Garden-Eden-IOS";
			productReference = 0CE04CC32DCF6EB600F9E972 /* Your-Garden-Eden-IOS.app */;
			productType = "com.apple.product-type.application";
		};
		0CE04CCF2DCF6EB900F9E972 /* Your-Garden-Eden-IOSTests */ = {
			isa = PBXNativeTarget;
			buildConfigurationList = 0CE04CE72DCF6EB900F9E972 /* Build configuration list for PBXNativeTarget "Your-Garden-Eden-IOSTests" */;
			buildPhases = (
				0CE04CCC2DCF6EB900F9E972 /* Sources */,
				0CE04CCD2DCF6EB900F9E972 /* Frameworks */,
				0CE04CCE2DCF6EB900F9E972 /* Resources */,
			);
			buildRules = (
			);
			dependencies = (
				0CE04CD22DCF6EB900F9E972 /* PBXTargetDependency */,
			);
			name = "Your-Garden-Eden-IOSTests";
			packageProductDependencies = (
			);
			productName = "Your-Garden-Eden-IOSTests";
			productReference = 0CE04CD02DCF6EB900F9E972 /* Your-Garden-Eden-IOSTests.xctest */;
			productType = "com.apple.product-type.bundle.unit-test";
		};
		0CE04CD92DCF6EB900F9E972 /* Your-Garden-Eden-IOSUITests */ = {
			isa = PBXNativeTarget;
			buildConfigurationList = 0CE04CEA2DCF6EB900F9E972 /* Build configuration list for PBXNativeTarget "Your-Garden-Eden-IOSUITests" */;
			buildPhases = (
				0CE04CD62DCF6EB900F9E972 /* Sources */,
				0CE04CD72DCF6EB900F9E972 /* Frameworks */,
				0CE04CD82DCF6EB900F9E972 /* Resources */,
			);
			buildRules = (
			);
			dependencies = (
				0CE04CDC2DCF6EB900F9E972 /* PBXTargetDependency */,
			);
			name = "Your-Garden-Eden-IOSUITests";
			packageProductDependencies = (
			);
			productName = "Your-Garden-Eden-IOSUITests";
			productReference = 0CE04CDA2DCF6EB900F9E972 /* Your-Garden-Eden-IOSUITests.xctest */;
			productType = "com.apple.product-type.bundle.ui-testing";
		};
/* End PBXNativeTarget section */

/* Begin PBXProject section */
		0CE04CBB2DCF6EB600F9E972 /* Project object */ = {
			isa = PBXProject;
			attributes = {
				BuildIndependentTargetsInParallel = 1;
				LastSwiftUpdateCheck = 1630;
				LastUpgradeCheck = 1630;
				TargetAttributes = {
					0CE04CC22DCF6EB600F9E972 = {
						CreatedOnToolsVersion = 16.3;
					};
					0CE04CCF2DCF6EB900F9E972 = {
						CreatedOnToolsVersion = 16.3;
						TestTargetID = 0CE04CC22DCF6EB600F9E972;
					};
					0CE04CD92DCF6EB900F9E972 = {
						CreatedOnToolsVersion = 16.3;
						TestTargetID = 0CE04CC22DCF6EB600F9E972;
					};
				};
			};
			buildConfigurationList = 0CE04CBE2DCF6EB600F9E972 /* Build configuration list for PBXProject "Your-Garden-Eden-IOS" */;
			developmentRegion = en;
			hasScannedForEncodings = 0;
			knownRegions = (
				en,
				Base,
			);
			mainGroup = 0CE04CBA2DCF6EB600F9E972;
			minimizedProjectReferenceProxies = 1;
			packageReferences = (
				0C91A54C2DCF7B5800C3EF2A /* XCRemoteSwiftPackageReference "firebase-ios-sdk" */,
			);
			preferredProjectObjectVersion = 77;
			productRefGroup = 0CE04CC42DCF6EB600F9E972 /* Products */;
			projectDirPath = "";
			projectRoot = "";
			targets = (
				0CE04CC22DCF6EB600F9E972 /* Your-Garden-Eden-IOS */,
				0CE04CCF2DCF6EB900F9E972 /* Your-Garden-Eden-IOSTests */,
				0CE04CD92DCF6EB900F9E972 /* Your-Garden-Eden-IOSUITests */,
			);
		};
/* End PBXProject section */

/* Begin PBXResourcesBuildPhase section */
		0CE04CC12DCF6EB600F9E972 /* Resources */ = {
			isa = PBXResourcesBuildPhase;
			buildActionMask = 2147483647;
			files = (
			);
			runOnlyForDeploymentPostprocessing = 0;
		};
		0CE04CCE2DCF6EB900F9E972 /* Resources */ = {
			isa = PBXResourcesBuildPhase;
			buildActionMask = 2147483647;
			files = (
			);
			runOnlyForDeploymentPostprocessing = 0;
		};
		0CE04CD82DCF6EB900F9E972 /* Resources */ = {
			isa = PBXResourcesBuildPhase;
			buildActionMask = 2147483647;
			files = (
			);
			runOnlyForDeploymentPostprocessing = 0;
		};
/* End PBXResourcesBuildPhase section */

/* Begin PBXSourcesBuildPhase section */
		0CE04CBF2DCF6EB600F9E972 /* Sources */ = {
			isa = PBXSourcesBuildPhase;
			buildActionMask = 2147483647;
			files = (
			);
			runOnlyForDeploymentPostprocessing = 0;
		};
		0CE04CCC2DCF6EB900F9E972 /* Sources */ = {
			isa = PBXSourcesBuildPhase;
			buildActionMask = 2147483647;
			files = (
			);
			runOnlyForDeploymentPostprocessing = 0;
		};
		0CE04CD62DCF6EB900F9E972 /* Sources */ = {
			isa = PBXSourcesBuildPhase;
			buildActionMask = 2147483647;
			files = (
			);
			runOnlyForDeploymentPostprocessing = 0;
		};
/* End PBXSourcesBuildPhase section */

/* Begin PBXTargetDependency section */
		0CE04CD22DCF6EB900F9E972 /* PBXTargetDependency */ = {
			isa = PBXTargetDependency;
			target = 0CE04CC22DCF6EB600F9E972 /* Your-Garden-Eden-IOS */;
			targetProxy = 0CE04CD12DCF6EB900F9E972 /* PBXContainerItemProxy */;
		};
		0CE04CDC2DCF6EB900F9E972 /* PBXTargetDependency */ = {
			isa = PBXTargetDependency;
			target = 0CE04CC22DCF6EB600F9E972 /* Your-Garden-Eden-IOS */;
			targetProxy = 0CE04CDB2DCF6EB900F9E972 /* PBXContainerItemProxy */;
		};
/* End PBXTargetDependency section */

/* Begin XCBuildConfiguration section */
		0CE04CE22DCF6EB900F9E972 /* Debug */ = {
			isa = XCBuildConfiguration;
			buildSettings = {
				ALWAYS_SEARCH_USER_PATHS = NO;
				ASSETCATALOG_COMPILER_GENERATE_SWIFT_ASSET_SYMBOL_EXTENSIONS = YES;
				CLANG_ANALYZER_NONNULL = YES;
				CLANG_ANALYZER_NUMBER_OBJECT_CONVERSION = YES_AGGRESSIVE;
				CLANG_CXX_LANGUAGE_STANDARD = "gnu++20";
				CLANG_ENABLE_MODULES = YES;
				CLANG_ENABLE_OBJC_ARC = YES;
				CLANG_ENABLE_OBJC_WEAK = YES;
				CLANG_WARN_BLOCK_CAPTURE_AUTORELEASING = YES;
				CLANG_WARN_BOOL_CONVERSION = YES;
				CLANG_WARN_COMMA = YES;
				CLANG_WARN_CONSTANT_CONVERSION = YES;
				CLANG_WARN_DEPRECATED_OBJC_IMPLEMENTATIONS = YES;
				CLANG_WARN_DIRECT_OBJC_ISA_USAGE = YES_ERROR;
				CLANG_WARN_DOCUMENTATION_COMMENTS = YES;
				CLANG_WARN_EMPTY_BODY = YES;
				CLANG_WARN_ENUM_CONVERSION = YES;
				CLANG_WARN_INFINITE_RECURSION = YES;
				CLANG_WARN_INT_CONVERSION = YES;
				CLANG_WARN_NON_LITERAL_NULL_CONVERSION = YES;
				CLANG_WARN_OBJC_IMPLICIT_RETAIN_SELF = YES;
				CLANG_WARN_OBJC_LITERAL_CONVERSION = YES;
				CLANG_WARN_OBJC_ROOT_CLASS = YES_ERROR;
				CLANG_WARN_QUOTED_INCLUDE_IN_FRAMEWORK_HEADER = YES;
				CLANG_WARN_RANGE_LOOP_ANALYSIS = YES;
				CLANG_WARN_STRICT_PROTOTYPES = YES;
				CLANG_WARN_SUSPICIOUS_MOVE = YES;
				CLANG_WARN_UNGUARDED_AVAILABILITY = YES_AGGRESSIVE;
				CLANG_WARN_UNREACHABLE_CODE = YES;
				CLANG_WARN__DUPLICATE_METHOD_MATCH = YES;
				COPY_PHASE_STRIP = NO;
				DEBUG_INFORMATION_FORMAT = dwarf;
				ENABLE_STRICT_OBJC_MSGSEND = YES;
				ENABLE_TESTABILITY = YES;
				ENABLE_USER_SCRIPT_SANDBOXING = YES;
				GCC_C_LANGUAGE_STANDARD = gnu17;
				GCC_DYNAMIC_NO_PIC = NO;
				GCC_NO_COMMON_BLOCKS = YES;
				GCC_OPTIMIZATION_LEVEL = 0;
				GCC_PREPROCESSOR_DEFINITIONS = (
					"DEBUG=1",
					"$(inherited)",
				);
				GCC_WARN_64_TO_32_BIT_CONVERSION = YES;
				GCC_WARN_ABOUT_RETURN_TYPE = YES_ERROR;
				GCC_WARN_UNDECLARED_SELECTOR = YES;
				GCC_WARN_UNINITIALIZED_AUTOS = YES_AGGRESSIVE;
				GCC_WARN_UNUSED_FUNCTION = YES;
				GCC_WARN_UNUSED_VARIABLE = YES;
				IPHONEOS_DEPLOYMENT_TARGET = 18.4;
				LOCALIZATION_PREFERS_STRING_CATALOGS = YES;
				MTL_ENABLE_DEBUG_INFO = INCLUDE_SOURCE;
				MTL_FAST_MATH = YES;
				ONLY_ACTIVE_ARCH = YES;
				SDKROOT = iphoneos;
				SWIFT_ACTIVE_COMPILATION_CONDITIONS = "DEBUG $(inherited)";
				SWIFT_OPTIMIZATION_LEVEL = "-Onone";
			};
			name = Debug;
		};
		0CE04CE32DCF6EB900F9E972 /* Release */ = {
			isa = XCBuildConfiguration;
			buildSettings = {
				ALWAYS_SEARCH_USER_PATHS = NO;
				ASSETCATALOG_COMPILER_GENERATE_SWIFT_ASSET_SYMBOL_EXTENSIONS = YES;
				CLANG_ANALYZER_NONNULL = YES;
				CLANG_ANALYZER_NUMBER_OBJECT_CONVERSION = YES_AGGRESSIVE;
				CLANG_CXX_LANGUAGE_STANDARD = "gnu++20";
				CLANG_ENABLE_MODULES = YES;
				CLANG_ENABLE_OBJC_ARC = YES;
				CLANG_ENABLE_OBJC_WEAK = YES;
				CLANG_WARN_BLOCK_CAPTURE_AUTORELEASING = YES;
				CLANG_WARN_BOOL_CONVERSION = YES;
				CLANG_WARN_COMMA = YES;
				CLANG_WARN_CONSTANT_CONVERSION = YES;
				CLANG_WARN_DEPRECATED_OBJC_IMPLEMENTATIONS = YES;
				CLANG_WARN_DIRECT_OBJC_ISA_USAGE = YES_ERROR;
				CLANG_WARN_DOCUMENTATION_COMMENTS = YES;
				CLANG_WARN_EMPTY_BODY = YES;
				CLANG_WARN_ENUM_CONVERSION = YES;
				CLANG_WARN_INFINITE_RECURSION = YES;
				CLANG_WARN_INT_CONVERSION = YES;
				CLANG_WARN_NON_LITERAL_NULL_CONVERSION = YES;
				CLANG_WARN_OBJC_IMPLICIT_RETAIN_SELF = YES;
				CLANG_WARN_OBJC_LITERAL_CONVERSION = YES;
				CLANG_WARN_OBJC_ROOT_CLASS = YES_ERROR;
				CLANG_WARN_QUOTED_INCLUDE_IN_FRAMEWORK_HEADER = YES;
				CLANG_WARN_RANGE_LOOP_ANALYSIS = YES;
				CLANG_WARN_STRICT_PROTOTYPES = YES;
				CLANG_WARN_SUSPICIOUS_MOVE = YES;
				CLANG_WARN_UNGUARDED_AVAILABILITY = YES_AGGRESSIVE;
				CLANG_WARN_UNREACHABLE_CODE = YES;
				CLANG_WARN__DUPLICATE_METHOD_MATCH = YES;
				COPY_PHASE_STRIP = NO;
				DEBUG_INFORMATION_FORMAT = "dwarf-with-dsym";
				ENABLE_NS_ASSERTIONS = NO;
				ENABLE_STRICT_OBJC_MSGSEND = YES;
				ENABLE_USER_SCRIPT_SANDBOXING = YES;
				GCC_C_LANGUAGE_STANDARD = gnu17;
				GCC_NO_COMMON_BLOCKS = YES;
				GCC_WARN_64_TO_32_BIT_CONVERSION = YES;
				GCC_WARN_ABOUT_RETURN_TYPE = YES_ERROR;
				GCC_WARN_UNDECLARED_SELECTOR = YES;
				GCC_WARN_UNINITIALIZED_AUTOS = YES_AGGRESSIVE;
				GCC_WARN_UNUSED_FUNCTION = YES;
				GCC_WARN_UNUSED_VARIABLE = YES;
				IPHONEOS_DEPLOYMENT_TARGET = 18.4;
				LOCALIZATION_PREFERS_STRING_CATALOGS = YES;
				MTL_ENABLE_DEBUG_INFO = NO;
				MTL_FAST_MATH = YES;
				SDKROOT = iphoneos;
				SWIFT_COMPILATION_MODE = wholemodule;
				VALIDATE_PRODUCT = YES;
			};
			name = Release;
		};
		0CE04CE52DCF6EB900F9E972 /* Debug */ = {
			isa = XCBuildConfiguration;
			buildSettings = {
				ASSETCATALOG_COMPILER_APPICON_NAME = AppIcon;
				ASSETCATALOG_COMPILER_GLOBAL_ACCENT_COLOR_NAME = AccentColor;
				CODE_SIGN_STYLE = Automatic;
				CURRENT_PROJECT_VERSION = 1;
				ENABLE_PREVIEWS = YES;
				GENERATE_INFOPLIST_FILE = YES;
				INFOPLIST_KEY_UIApplicationSceneManifest_Generation = YES;
				INFOPLIST_KEY_UIApplicationSupportsIndirectInputEvents = YES;
				INFOPLIST_KEY_UILaunchScreen_Generation = YES;
				INFOPLIST_KEY_UISupportedInterfaceOrientations_iPad = "UIInterfaceOrientationPortrait UIInterfaceOrientationPortraitUpsideDown UIInterfaceOrientationLandscapeLeft UIInterfaceOrientationLandscapeRight";
				INFOPLIST_KEY_UISupportedInterfaceOrientations_iPhone = "UIInterfaceOrientationPortrait UIInterfaceOrientationLandscapeLeft UIInterfaceOrientationLandscapeRight";
				LD_RUNPATH_SEARCH_PATHS = (
					"$(inherited)",
					"@executable_path/Frameworks",
				);
				MARKETING_VERSION = 1.0;
				PRODUCT_BUNDLE_IDENTIFIER = "de.your-garden-eden.Your-Garden-Eden-IOS";
				PRODUCT_NAME = "$(TARGET_NAME)";
				SWIFT_EMIT_LOC_STRINGS = YES;
				SWIFT_VERSION = 5.0;
				TARGETED_DEVICE_FAMILY = "1,2";
			};
			name = Debug;
		};
		0CE04CE62DCF6EB900F9E972 /* Release */ = {
			isa = XCBuildConfiguration;
			buildSettings = {
				ASSETCATALOG_COMPILER_APPICON_NAME = AppIcon;
				ASSETCATALOG_COMPILER_GLOBAL_ACCENT_COLOR_NAME = AccentColor;
				CODE_SIGN_STYLE = Automatic;
				CURRENT_PROJECT_VERSION = 1;
				ENABLE_PREVIEWS = YES;
				GENERATE_INFOPLIST_FILE = YES;
				INFOPLIST_KEY_UIApplicationSceneManifest_Generation = YES;
				INFOPLIST_KEY_UIApplicationSupportsIndirectInputEvents = YES;
				INFOPLIST_KEY_UILaunchScreen_Generation = YES;
				INFOPLIST_KEY_UISupportedInterfaceOrientations_iPad = "UIInterfaceOrientationPortrait UIInterfaceOrientationPortraitUpsideDown UIInterfaceOrientationLandscapeLeft UIInterfaceOrientationLandscapeRight";
				INFOPLIST_KEY_UISupportedInterfaceOrientations_iPhone = "UIInterfaceOrientationPortrait UIInterfaceOrientationLandscapeLeft UIInterfaceOrientationLandscapeRight";
				LD_RUNPATH_SEARCH_PATHS = (
					"$(inherited)",
					"@executable_path/Frameworks",
				);
				MARKETING_VERSION = 1.0;
				PRODUCT_BUNDLE_IDENTIFIER = "de.your-garden-eden.Your-Garden-Eden-IOS";
				PRODUCT_NAME = "$(TARGET_NAME)";
				SWIFT_EMIT_LOC_STRINGS = YES;
				SWIFT_VERSION = 5.0;
				TARGETED_DEVICE_FAMILY = "1,2";
			};
			name = Release;
		};
		0CE04CE82DCF6EB900F9E972 /* Debug */ = {
			isa = XCBuildConfiguration;
			buildSettings = {
				BUNDLE_LOADER = "$(TEST_HOST)";
				CODE_SIGN_STYLE = Automatic;
				CURRENT_PROJECT_VERSION = 1;
				GENERATE_INFOPLIST_FILE = YES;
				IPHONEOS_DEPLOYMENT_TARGET = 18.4;
				MARKETING_VERSION = 1.0;
				PRODUCT_BUNDLE_IDENTIFIER = "de.your-garden-eden.Your-Garden-Eden-IOSTests";
				PRODUCT_NAME = "$(TARGET_NAME)";
				SWIFT_EMIT_LOC_STRINGS = NO;
				SWIFT_VERSION = 5.0;
				TARGETED_DEVICE_FAMILY = "1,2";
				TEST_HOST = "$(BUILT_PRODUCTS_DIR)/Your-Garden-Eden-IOS.app/$(BUNDLE_EXECUTABLE_FOLDER_PATH)/Your-Garden-Eden-IOS";
			};
			name = Debug;
		};
		0CE04CE92DCF6EB900F9E972 /* Release */ = {
			isa = XCBuildConfiguration;
			buildSettings = {
				BUNDLE_LOADER = "$(TEST_HOST)";
				CODE_SIGN_STYLE = Automatic;
				CURRENT_PROJECT_VERSION = 1;
				GENERATE_INFOPLIST_FILE = YES;
				IPHONEOS_DEPLOYMENT_TARGET = 18.4;
				MARKETING_VERSION = 1.0;
				PRODUCT_BUNDLE_IDENTIFIER = "de.your-garden-eden.Your-Garden-Eden-IOSTests";
				PRODUCT_NAME = "$(TARGET_NAME)";
				SWIFT_EMIT_LOC_STRINGS = NO;
				SWIFT_VERSION = 5.0;
				TARGETED_DEVICE_FAMILY = "1,2";
				TEST_HOST = "$(BUILT_PRODUCTS_DIR)/Your-Garden-Eden-IOS.app/$(BUNDLE_EXECUTABLE_FOLDER_PATH)/Your-Garden-Eden-IOS";
			};
			name = Release;
		};
		0CE04CEB2DCF6EB900F9E972 /* Debug */ = {
			isa = XCBuildConfiguration;
			buildSettings = {
				CODE_SIGN_STYLE = Automatic;
				CURRENT_PROJECT_VERSION = 1;
				GENERATE_INFOPLIST_FILE = YES;
				MARKETING_VERSION = 1.0;
				PRODUCT_BUNDLE_IDENTIFIER = "de.your-garden-eden.Your-Garden-Eden-IOSUITests";
				PRODUCT_NAME = "$(TARGET_NAME)";
				SWIFT_EMIT_LOC_STRINGS = NO;
				SWIFT_VERSION = 5.0;
				TARGETED_DEVICE_FAMILY = "1,2";
				TEST_TARGET_NAME = "Your-Garden-Eden-IOS";
			};
			name = Debug;
		};
		0CE04CEC2DCF6EB900F9E972 /* Release */ = {
			isa = XCBuildConfiguration;
			buildSettings = {
				CODE_SIGN_STYLE = Automatic;
				CURRENT_PROJECT_VERSION = 1;
				GENERATE_INFOPLIST_FILE = YES;
				MARKETING_VERSION = 1.0;
				PRODUCT_BUNDLE_IDENTIFIER = "de.your-garden-eden.Your-Garden-Eden-IOSUITests";
				PRODUCT_NAME = "$(TARGET_NAME)";
				SWIFT_EMIT_LOC_STRINGS = NO;
				SWIFT_VERSION = 5.0;
				TARGETED_DEVICE_FAMILY = "1,2";
				TEST_TARGET_NAME = "Your-Garden-Eden-IOS";
			};
			name = Release;
		};
/* End XCBuildConfiguration section */

/* Begin XCConfigurationList section */
		0CE04CBE2DCF6EB600F9E972 /* Build configuration list for PBXProject "Your-Garden-Eden-IOS" */ = {
			isa = XCConfigurationList;
			buildConfigurations = (
				0CE04CE22DCF6EB900F9E972 /* Debug */,
				0CE04CE32DCF6EB900F9E972 /* Release */,
			);
			defaultConfigurationIsVisible = 0;
			defaultConfigurationName = Release;
		};
		0CE04CE42DCF6EB900F9E972 /* Build configuration list for PBXNativeTarget "Your-Garden-Eden-IOS" */ = {
			isa = XCConfigurationList;
			buildConfigurations = (
				0CE04CE52DCF6EB900F9E972 /* Debug */,
				0CE04CE62DCF6EB900F9E972 /* Release */,
			);
			defaultConfigurationIsVisible = 0;
			defaultConfigurationName = Release;
		};
		0CE04CE72DCF6EB900F9E972 /* Build configuration list for PBXNativeTarget "Your-Garden-Eden-IOSTests" */ = {
			isa = XCConfigurationList;
			buildConfigurations = (
				0CE04CE82DCF6EB900F9E972 /* Debug */,
				0CE04CE92DCF6EB900F9E972 /* Release */,
			);
			defaultConfigurationIsVisible = 0;
			defaultConfigurationName = Release;
		};
		0CE04CEA2DCF6EB900F9E972 /* Build configuration list for PBXNativeTarget "Your-Garden-Eden-IOSUITests" */ = {
			isa = XCConfigurationList;
			buildConfigurations = (
				0CE04CEB2DCF6EB900F9E972 /* Debug */,
				0CE04CEC2DCF6EB900F9E972 /* Release */,
			);
			defaultConfigurationIsVisible = 0;
			defaultConfigurationName = Release;
		};
/* End XCConfigurationList section */

/* Begin XCRemoteSwiftPackageReference section */
		0C91A54C2DCF7B5800C3EF2A /* XCRemoteSwiftPackageReference "firebase-ios-sdk" */ = {
			isa = XCRemoteSwiftPackageReference;
			repositoryURL = "https://github.com/firebase/firebase-ios-sdk.git";
			requirement = {
				kind = upToNextMajorVersion;
				minimumVersion = 11.12.0;
			};
		};
/* End XCRemoteSwiftPackageReference section */

/* Begin XCSwiftPackageProductDependency section */
		0C91A54D2DCF7B5800C3EF2A /* FirebaseAnalytics */ = {
			isa = XCSwiftPackageProductDependency;
			package = 0C91A54C2DCF7B5800C3EF2A /* XCRemoteSwiftPackageReference "firebase-ios-sdk" */;
			productName = FirebaseAnalytics;
		};
		0C91A54F2DCF7B5800C3EF2A /* FirebaseAuth */ = {
			isa = XCSwiftPackageProductDependency;
			package = 0C91A54C2DCF7B5800C3EF2A /* XCRemoteSwiftPackageReference "firebase-ios-sdk" */;
			productName = FirebaseAuth;
		};
		0C91A5512DCF7B5800C3EF2A /* FirebaseFirestore */ = {
			isa = XCSwiftPackageProductDependency;
			package = 0C91A54C2DCF7B5800C3EF2A /* XCRemoteSwiftPackageReference "firebase-ios-sdk" */;
			productName = FirebaseFirestore;
		};
		0C91A5532DCF7B5800C3EF2A /* FirebaseFunctions */ = {
			isa = XCSwiftPackageProductDependency;
			package = 0C91A54C2DCF7B5800C3EF2A /* XCRemoteSwiftPackageReference "firebase-ios-sdk" */;
			productName = FirebaseFunctions;
		};
		0C91A5552DCF7B5800C3EF2A /* FirebaseStorage */ = {
			isa = XCSwiftPackageProductDependency;
			package = 0C91A54C2DCF7B5800C3EF2A /* XCRemoteSwiftPackageReference "firebase-ios-sdk" */;
			productName = FirebaseStorage;
		};
/* End XCSwiftPackageProductDependency section */
	};
	rootObject = 0CE04CBB2DCF6EB600F9E972 /* Project object */;
}
